
Microsoft Visual Studio Solution File, Format Version 12.00
# Visual Studio Version 17
VisualStudioVersion = 17.10.35201.131
MinimumVisualStudioVersion = 10.0.40219.1
Project("{FAE04EC0-301F-11D3-BF4B-00C04F79EFBC}") = "FirstBlazor", "FirstBlazor\FirstBlazor.csproj", "{602D0F46-FFD7-4457-86AE-83FD5D06ED2E}"
EndProject
Global
	GlobalSection(SolutionConfigurationPlatforms) = preSolution
		Debug|Any CPU = Debug|Any CPU
		Release|Any CPU = Release|Any CPU
	EndGlobalSection
	GlobalSection(ProjectConfigurationPlatforms) = postSolution
		{602D0F46-FFD7-4457-86AE-83FD5D06ED2E}.Debug|Any CPU.ActiveCfg = Debug|Any CPU
		{602D0F46-FFD7-4457-86AE-83FD5D06ED2E}.Debug|Any CPU.Build.0 = Debug|Any CPU
		{602D0F46-FFD7-4457-86AE-83FD5D06ED2E}.Release|Any CPU.ActiveCfg = Release|Any CPU
		{602D0F46-FFD7-4457-86AE-83FD5D06ED2E}.Release|Any CPU.Build.0 = Release|Any CPU
	EndGlobalSection
	GlobalSection(SolutionProperties) = preSolution
		HideSolutionNode = FALSE
	EndGlobalSection
	GlobalSection(ExtensibilityGlobals) = postSolution
		SolutionGuid = {DE050A14-93B8-46BD-B2FB-50B8B00F5DB6}
	EndGlobalSection
EndGlobal
